
Microsoft Visual Studio Solution File, Format Version 12.00
# Visual Studio for Mac
Project("{FAE04EC0-301F-11D3-BF4B-00C04F79EFBC}") = "treetailor", "Assembly-CSharp.csproj", "{BE023FEF-1A5B-5F35-3D65-AD4433359D53}"
EndProject
Global
	GlobalSection(SolutionConfigurationPlatforms) = preSolution
		Debug|Any CPU = Debug|Any CPU
		Release|Any CPU = Release|Any CPU
	EndGlobalSection
	GlobalSection(ProjectConfigurationPlatforms) = postSolution
		{BE023FEF-1A5B-5F35-3D65-AD4433359D53}.Debug|Any CPU.ActiveCfg = Debug|Any CPU
		{BE023FEF-1A5B-5F35-3D65-AD4433359D53}.Debug|Any CPU.Build.0 = Debug|Any CPU
		{BE023FEF-1A5B-5F35-3D65-AD4433359D53}.Release|Any CPU.ActiveCfg = Release|Any CPU
		{BE023FEF-1A5B-5F35-3D65-AD4433359D53}.Release|Any CPU.Build.0 = Release|Any CPU
	EndGlobalSection
	GlobalSection(SolutionProperties) = preSolution
		HideSolutionNode = FALSE
	EndGlobalSection
EndGlobal
